PODS:
  - bitsdojo_window_macos (0.0.1):
    - FlutterMacOS
  - connectivity_plus (0.0.1):
    - FlutterMacOS
  - FlutterMacOS (1.0.0)
  - macos_window_utils (1.0.0):
    - FlutterMacOS
  - media_kit_libs_macos_video (1.0.4):
    - FlutterMacOS
  - media_kit_video (0.0.1):
    - FlutterMacOS
  - package_info_plus (0.0.1):
    - FlutterMacOS
  - path_provider_foundation (0.0.1):
    - Flutter
    - FlutterMacOS
  - screen_retriever_macos (0.0.1):
    - FlutterMacOS
  - video_player_avfoundation (0.0.1):
    - Flutter
    - FlutterMacOS
  - volume_controller (0.0.1):
    - FlutterMacOS
  - wakelock_plus (0.0.1):
    - FlutterMacOS
  - window_manager (0.2.0):
    - FlutterMacOS

DEPENDENCIES:
  - bitsdojo_window_macos (from `Flutter/ephemeral/.symlinks/plugins/bitsdojo_window_macos/macos`)
  - connectivity_plus (from `Flutter/ephemeral/.symlinks/plugins/connectivity_plus/macos`)
  - FlutterMacOS (from `Flutter/ephemeral`)
  - macos_window_utils (from `Flutter/ephemeral/.symlinks/plugins/macos_window_utils/macos`)
  - media_kit_libs_macos_video (from `Flutter/ephemeral/.symlinks/plugins/media_kit_libs_macos_video/macos`)
  - media_kit_video (from `Flutter/ephemeral/.symlinks/plugins/media_kit_video/macos`)
  - package_info_plus (from `Flutter/ephemeral/.symlinks/plugins/package_info_plus/macos`)
  - path_provider_foundation (from `Flutter/ephemeral/.symlinks/plugins/path_provider_foundation/darwin`)
  - screen_retriever_macos (from `Flutter/ephemeral/.symlinks/plugins/screen_retriever_macos/macos`)
  - video_player_avfoundation (from `Flutter/ephemeral/.symlinks/plugins/video_player_avfoundation/darwin`)
  - volume_controller (from `Flutter/ephemeral/.symlinks/plugins/volume_controller/macos`)
  - wakelock_plus (from `Flutter/ephemeral/.symlinks/plugins/wakelock_plus/macos`)
  - window_manager (from `Flutter/ephemeral/.symlinks/plugins/window_manager/macos`)

EXTERNAL SOURCES:
  bitsdojo_window_macos:
    :path: Flutter/ephemeral/.symlinks/plugins/bitsdojo_window_macos/macos
  connectivity_plus:
    :path: Flutter/ephemeral/.symlinks/plugins/connectivity_plus/macos
  FlutterMacOS:
    :path: Flutter/ephemeral
  macos_window_utils:
    :path: Flutter/ephemeral/.symlinks/plugins/macos_window_utils/macos
  media_kit_libs_macos_video:
    :path: Flutter/ephemeral/.symlinks/plugins/media_kit_libs_macos_video/macos
  media_kit_video:
    :path: Flutter/ephemeral/.symlinks/plugins/media_kit_video/macos
  package_info_plus:
    :path: Flutter/ephemeral/.symlinks/plugins/package_info_plus/macos
  path_provider_foundation:
    :path: Flutter/ephemeral/.symlinks/plugins/path_provider_foundation/darwin
  screen_retriever_macos:
    :path: Flutter/ephemeral/.symlinks/plugins/screen_retriever_macos/macos
  video_player_avfoundation:
    :path: Flutter/ephemeral/.symlinks/plugins/video_player_avfoundation/darwin
  volume_controller:
    :path: Flutter/ephemeral/.symlinks/plugins/volume_controller/macos
  wakelock_plus:
    :path: Flutter/ephemeral/.symlinks/plugins/wakelock_plus/macos
  window_manager:
    :path: Flutter/ephemeral/.symlinks/plugins/window_manager/macos

SPEC CHECKSUMS:
  bitsdojo_window_macos: 44e3b8fe3dd463820e0321f6256c5b1c16bb6a00
  connectivity_plus: 0a976dfd033b59192912fa3c6c7b54aab5093802
  FlutterMacOS: 8f6f14fa908a6fb3fba0cd85dbd81ec4b251fb24
  macos_window_utils: 933f91f64805e2eb91a5bd057cf97cd097276663
  media_kit_libs_macos_video: b3e2bbec2eef97c285f2b1baa7963c67c753fb82
  media_kit_video: c75b07f14d59706c775778e4dd47dd027de8d1e5
  package_info_plus: 12f1c5c2cfe8727ca46cbd0b26677728972d9a5b
  path_provider_foundation: 2b6b4c569c0fb62ec74538f866245ac84301af46
  screen_retriever_macos: 776e0fa5d42c6163d2bf772d22478df4b302b161
  video_player_avfoundation: 7c6c11d8470e1675df7397027218274b6d2360b3
  volume_controller: 90a5978956cf18ebb7739bf5382fc1b0cfef66d0
  wakelock_plus: 4783562c9a43d209c458cb9b30692134af456269
  window_manager: 3a1844359a6295ab1e47659b1a777e36773cd6e8

PODFILE CHECKSUM: 16208599a12443d53889ba2270a4985981cfb204

COCOAPODS: 1.16.2
